
Microsoft Visual Studio Solution File, Format Version 12.00
# Visual Studio Version 16
VisualStudioVersion = 16.0.32630.194
MinimumVisualStudioVersion = 10.0.40219.1
Project("{FAE04EC0-301F-11D3-BF4B-00C04F79EFBC}") = "onito", "onito\onito.csproj", "{B7C927C8-DD46-4FFF-8510-2441DCBD1027}"
EndProject
Global
	GlobalSection(SolutionConfigurationPlatforms) = preSolution
		Debug|Any CPU = Debug|Any CPU
		Release|Any CPU = Release|Any CPU
	EndGlobalSection
	GlobalSection(ProjectConfigurationPlatforms) = postSolution
		{B7C927C8-DD46-4FFF-8510-2441DCBD1027}.Debug|Any CPU.ActiveCfg = Debug|Any CPU
		{B7C927C8-DD46-4FFF-8510-2441DCBD1027}.Debug|Any CPU.Build.0 = Debug|Any CPU
		{B7C927C8-DD46-4FFF-8510-2441DCBD1027}.Release|Any CPU.ActiveCfg = Release|Any CPU
		{B7C927C8-DD46-4FFF-8510-2441DCBD1027}.Release|Any CPU.Build.0 = Release|Any CPU
	EndGlobalSection
	GlobalSection(SolutionProperties) = preSolution
		HideSolutionNode = FALSE
	EndGlobalSection
	GlobalSection(ExtensibilityGlobals) = postSolution
		SolutionGuid = {357A2729-52E4-4119-BBF2-EE81924D8D4B}
	EndGlobalSection
EndGlobal
